
Microsoft Visual Studio Solution File, Format Version 12.00
# Visual Studio Version 17
VisualStudioVersion = 17.5.33627.172
MinimumVisualStudioVersion = 10.0.40219.1
Project("{FAE04EC0-301F-11D3-BF4B-00C04F79EFBC}") = "Workaround", "Workaround\Workaround.csproj", "{A23AAF57-6EAF-4CF2-8EFF-F3E265590F94}"
EndProject
Project("{FAE04EC0-301F-11D3-BF4B-00C04F79EFBC}") = "Entities", "Entities\Entities.csproj", "{05DA9887-1AAB-41B8-AE87-6257BF7F1D00}"
EndProject
Project("{FAE04EC0-301F-11D3-BF4B-00C04F79EFBC}") = "Business", "Business\Business.csproj", "{1ACCC695-36E4-4E1B-8215-9EBF9B99EFEE}"
EndProject
Global
	GlobalSection(SolutionConfigurationPlatforms) = preSolution
		Debug|Any CPU = Debug|Any CPU
		Release|Any CPU = Release|Any CPU
	EndGlobalSection
	GlobalSection(ProjectConfigurationPlatforms) = postSolution
		{A23AAF57-6EAF-4CF2-8EFF-F3E265590F94}.Debug|Any CPU.ActiveCfg = Debug|Any CPU
		{A23AAF57-6EAF-4CF2-8EFF-F3E265590F94}.Debug|Any CPU.Build.0 = Debug|Any CPU
		{A23AAF57-6EAF-4CF2-8EFF-F3E265590F94}.Release|Any CPU.ActiveCfg = Release|Any CPU
		{A23AAF57-6EAF-4CF2-8EFF-F3E265590F94}.Release|Any CPU.Build.0 = Release|Any CPU
		{05DA9887-1AAB-41B8-AE87-6257BF7F1D00}.Debug|Any CPU.ActiveCfg = Debug|Any CPU
		{05DA9887-1AAB-41B8-AE87-6257BF7F1D00}.Debug|Any CPU.Build.0 = Debug|Any CPU
		{05DA9887-1AAB-41B8-AE87-6257BF7F1D00}.Release|Any CPU.ActiveCfg = Release|Any CPU
		{05DA9887-1AAB-41B8-AE87-6257BF7F1D00}.Release|Any CPU.Build.0 = Release|Any CPU
		{1ACCC695-36E4-4E1B-8215-9EBF9B99EFEE}.Debug|Any CPU.ActiveCfg = Debug|Any CPU
		{1ACCC695-36E4-4E1B-8215-9EBF9B99EFEE}.Debug|Any CPU.Build.0 = Debug|Any CPU
		{1ACCC695-36E4-4E1B-8215-9EBF9B99EFEE}.Release|Any CPU.ActiveCfg = Release|Any CPU
		{1ACCC695-36E4-4E1B-8215-9EBF9B99EFEE}.Release|Any CPU.Build.0 = Release|Any CPU
	EndGlobalSection
	GlobalSection(SolutionProperties) = preSolution
		HideSolutionNode = FALSE
	EndGlobalSection
	GlobalSection(ExtensibilityGlobals) = postSolution
		SolutionGuid = {A9890BCD-B203-4322-934B-2FA792684C06}
	EndGlobalSection
EndGlobal
